
Microsoft Visual Studio Solution File, Format Version 12.00
# Visual Studio Version 17
VisualStudioVersion = 17.10.35027.167
MinimumVisualStudioVersion = 10.0.40219.1
Project("{FAE04EC0-301F-11D3-BF4B-00C04F79EFBC}") = "Calculater in C Sharp", "Calculater in C Sharp.csproj", "{953260EF-57CF-464F-BA5F-0A7C595BB001}"
EndProject
Global
	GlobalSection(SolutionConfigurationPlatforms) = preSolution
		Debug|Any CPU = Debug|Any CPU
		Release|Any CPU = Release|Any CPU
	EndGlobalSection
	GlobalSection(ProjectConfigurationPlatforms) = postSolution
		{953260EF-57CF-464F-BA5F-0A7C595BB001}.Debug|Any CPU.ActiveCfg = Debug|Any CPU
		{953260EF-57CF-464F-BA5F-0A7C595BB001}.Debug|Any CPU.Build.0 = Debug|Any CPU
		{953260EF-57CF-464F-BA5F-0A7C595BB001}.Release|Any CPU.ActiveCfg = Release|Any CPU
		{953260EF-57CF-464F-BA5F-0A7C595BB001}.Release|Any CPU.Build.0 = Release|Any CPU
	EndGlobalSection
	GlobalSection(SolutionProperties) = preSolution
		HideSolutionNode = FALSE
	EndGlobalSection
	GlobalSection(ExtensibilityGlobals) = postSolution
		SolutionGuid = {5426AEF7-2AEB-4A27-A6FE-4DBC35D73187}
	EndGlobalSection
EndGlobal
